
Microsoft Visual Studio Solution File, Format Version 12.00
# Visual Studio 2013
VisualStudioVersion = 12.0.21005.1
MinimumVisualStudioVersion = 10.0.40219.1
Project("{8BC9CEB8-8B4A-11D0-8D11-00A0C91BC942}") = "SSFaceLivenessDetection", "SSFaceLivenessDetection\SSFaceLivenessDetection.vcxproj", "{1C1B1F28-62DC-4337-B1A2-9052A7C18FB7}"
EndProject
Project("{8BC9CEB8-8B4A-11D0-8D11-00A0C91BC942}") = "SSLivenessDetection", "..\SSLivenessDetection\SSLivenessDetection\SSLivenessDetection.vcxproj", "{9F8EA10C-ADA0-430C-9E31-DCF298708CD3}"
EndProject
Global
	GlobalSection(SolutionConfigurationPlatforms) = preSolution
		Debug|Win32 = Debug|Win32
		Release|Win32 = Release|Win32
	EndGlobalSection
	GlobalSection(ProjectConfigurationPlatforms) = postSolution
		{1C1B1F28-62DC-4337-B1A2-9052A7C18FB7}.Debug|Win32.ActiveCfg = Debug|Win32
		{1C1B1F28-62DC-4337-B1A2-9052A7C18FB7}.Debug|Win32.Build.0 = Debug|Win32
		{1C1B1F28-62DC-4337-B1A2-9052A7C18FB7}.Release|Win32.ActiveCfg = Release|Win32
		{1C1B1F28-62DC-4337-B1A2-9052A7C18FB7}.Release|Win32.Build.0 = Release|Win32
		{9F8EA10C-ADA0-430C-9E31-DCF298708CD3}.Debug|Win32.ActiveCfg = Debug|Win32
		{9F8EA10C-ADA0-430C-9E31-DCF298708CD3}.Debug|Win32.Build.0 = Debug|Win32
		{9F8EA10C-ADA0-430C-9E31-DCF298708CD3}.Release|Win32.ActiveCfg = Release|Win32
		{9F8EA10C-ADA0-430C-9E31-DCF298708CD3}.Release|Win32.Build.0 = Release|Win32
	EndGlobalSection
	GlobalSection(SolutionProperties) = preSolution
		HideSolutionNode = FALSE
	EndGlobalSection
EndGlobal
